
Microsoft Visual Studio Solution File, Format Version 12.00
# Visual Studio 15
VisualStudioVersion = 15.0.26430.6
MinimumVisualStudioVersion = 10.0.40219.1
Project("{9A19103F-16F7-4668-BE54-9A1E7A4F7556}") = "DataHippo.WebApi", "DataHippo.WebApi\DataHippo.WebApi.csproj", "{948F9712-187F-40B0-9C95-8FB40E08F8EA}"
EndProject
Project("{9A19103F-16F7-4668-BE54-9A1E7A4F7556}") = "DataHippo.Services", "DataHippo.Services\DataHippo.Services.csproj", "{5681703B-28C7-42D3-AE3C-392A39C46D6C}"
EndProject
Project("{9A19103F-16F7-4668-BE54-9A1E7A4F7556}") = "DataHippo.Repositories", "DataHippo.Repositories\DataHippo.Repositories.csproj", "{70EFCE1A-9FAD-43C2-9D21-03D984FB42C0}"
EndProject
Project("{9A19103F-16F7-4668-BE54-9A1E7A4F7556}") = "DataHippo.Resources", "DataHippo.Resources\DataHippo.Resources.csproj", "{333182DE-0C36-4634-AAEB-5EF6793D83C0}"
EndProject
Global
	GlobalSection(SolutionConfigurationPlatforms) = preSolution
		Debug|Any CPU = Debug|Any CPU
		PRO|Any CPU = PRO|Any CPU
		Release|Any CPU = Release|Any CPU
	EndGlobalSection
	GlobalSection(ProjectConfigurationPlatforms) = postSolution
		{948F9712-187F-40B0-9C95-8FB40E08F8EA}.Debug|Any CPU.ActiveCfg = Debug|Any CPU
		{948F9712-187F-40B0-9C95-8FB40E08F8EA}.Debug|Any CPU.Build.0 = Debug|Any CPU
		{948F9712-187F-40B0-9C95-8FB40E08F8EA}.PRO|Any CPU.ActiveCfg = Release|Any CPU
		{948F9712-187F-40B0-9C95-8FB40E08F8EA}.PRO|Any CPU.Build.0 = Release|Any CPU
		{948F9712-187F-40B0-9C95-8FB40E08F8EA}.Release|Any CPU.ActiveCfg = Release|Any CPU
		{948F9712-187F-40B0-9C95-8FB40E08F8EA}.Release|Any CPU.Build.0 = Release|Any CPU
		{5681703B-28C7-42D3-AE3C-392A39C46D6C}.Debug|Any CPU.ActiveCfg = Debug|Any CPU
		{5681703B-28C7-42D3-AE3C-392A39C46D6C}.Debug|Any CPU.Build.0 = Debug|Any CPU
		{5681703B-28C7-42D3-AE3C-392A39C46D6C}.PRO|Any CPU.ActiveCfg = Release|Any CPU
		{5681703B-28C7-42D3-AE3C-392A39C46D6C}.PRO|Any CPU.Build.0 = Release|Any CPU
		{5681703B-28C7-42D3-AE3C-392A39C46D6C}.Release|Any CPU.ActiveCfg = Release|Any CPU
		{5681703B-28C7-42D3-AE3C-392A39C46D6C}.Release|Any CPU.Build.0 = Release|Any CPU
		{70EFCE1A-9FAD-43C2-9D21-03D984FB42C0}.Debug|Any CPU.ActiveCfg = Debug|Any CPU
		{70EFCE1A-9FAD-43C2-9D21-03D984FB42C0}.Debug|Any CPU.Build.0 = Debug|Any CPU
		{70EFCE1A-9FAD-43C2-9D21-03D984FB42C0}.PRO|Any CPU.ActiveCfg = Release|Any CPU
		{70EFCE1A-9FAD-43C2-9D21-03D984FB42C0}.PRO|Any CPU.Build.0 = Release|Any CPU
		{70EFCE1A-9FAD-43C2-9D21-03D984FB42C0}.Release|Any CPU.ActiveCfg = Release|Any CPU
		{70EFCE1A-9FAD-43C2-9D21-03D984FB42C0}.Release|Any CPU.Build.0 = Release|Any CPU
		{333182DE-0C36-4634-AAEB-5EF6793D83C0}.Debug|Any CPU.ActiveCfg = Debug|Any CPU
		{333182DE-0C36-4634-AAEB-5EF6793D83C0}.Debug|Any CPU.Build.0 = Debug|Any CPU
		{333182DE-0C36-4634-AAEB-5EF6793D83C0}.PRO|Any CPU.ActiveCfg = Release|Any CPU
		{333182DE-0C36-4634-AAEB-5EF6793D83C0}.PRO|Any CPU.Build.0 = Release|Any CPU
		{333182DE-0C36-4634-AAEB-5EF6793D83C0}.Release|Any CPU.ActiveCfg = Release|Any CPU
		{333182DE-0C36-4634-AAEB-5EF6793D83C0}.Release|Any CPU.Build.0 = Release|Any CPU
	EndGlobalSection
	GlobalSection(SolutionProperties) = preSolution
		HideSolutionNode = FALSE
	EndGlobalSection
	GlobalSection(ExtensibilityGlobals) = postSolution
		SolutionGuid = {8600598F-189D-4F6B-9909-2CED87F7D2D4}
	EndGlobalSection
EndGlobal
